// !$*UTF8*$!
{
	archiveVersion = 1;
	classes = {
	};
	objectVersion = 46;
	objects = {

/* Begin PBXBuildFile section */
		B9182535148D762600D6064E /* UIKit.framework in Frameworks */ = {isa = PBXBuildFile; fileRef = B9182534148D762600D6064E /* UIKit.framework */; };
		B9182537148D762600D6064E /* Foundation.framework in Frameworks */ = {isa = PBXBuildFile; fileRef = B9182536148D762600D6064E /* Foundation.framework */; };
		B9182539148D762600D6064E /* CoreGraphics.framework in Frameworks */ = {isa = PBXBuildFile; fileRef = B9182538148D762600D6064E /* CoreGraphics.framework */; };
		B918253F148D762600D6064E /* InfoPlist.strings in Resources */ = {isa = PBXBuildFile; fileRef = B918253D148D762600D6064E /* InfoPlist.strings */; };
		B9182541148D762600D6064E /* main.m in Sources */ = {isa = PBXBuildFile; fileRef = B9182540148D762600D6064E /* main.m */; };
		B9182545148D762600D6064E /* AppDelegate.m in Sources */ = {isa = PBXBuildFile; fileRef = B9182544148D762600D6064E /* AppDelegate.m */; };
		B9182548148D762600D6064E /* MainStoryboard.storyboard in Resources */ = {isa = PBXBuildFile; fileRef = B9182546148D762600D6064E /* MainStoryboard.storyboard */; };
		B9182557148D79D600D6064E /* LeDiscovery.m in Sources */ = {isa = PBXBuildFile; fileRef = B9182554148D79D600D6064E /* LeDiscovery.m */; };
		B9182558148D79D600D6064E /* LeStrokeDataService.m in Sources */ = {isa = PBXBuildFile; fileRef = B9182556148D79D600D6064E /* LeStrokeDataService.m */; };
		B9ADCFD51497DA600098522D /* ReadMe.txt in Resources */ = {isa = PBXBuildFile; fileRef = B9ADCFD41497DA600098522D /* ReadMe.txt */; };
		B9C383731491694000CFD0B5 /* Icon-114.png in Resources */ = {isa = PBXBuildFile; fileRef = B9C383721491694000CFD0B5 /* Icon-114.png */; };
		B9C383761491694300CFD0B5 /* Icon-57.png in Resources */ = {isa = PBXBuildFile; fileRef = B9C383751491694300CFD0B5 /* Icon-57.png */; };
		B9C383781491694800CFD0B5 /* Default@2x.png in Resources */ = {isa = PBXBuildFile; fileRef = B9C383771491694800CFD0B5 /* Default@2x.png */; };
		FB10259618BE8C1A003FDB32 /* Default-568h@2x.png in Resources */ = {isa = PBXBuildFile; fileRef = FB10259518BE8C1A003FDB32 /* Default-568h@2x.png */; };
		FB26179018DF9B6600CD7044 /* ViewController.m in Sources */ = {isa = PBXBuildFile; fileRef = FB26178F18DF9B6600CD7044 /* ViewController.m */; };
		FB61BB8C18DFAE7F00D70F47 /* DistanceGraphViewController.m in Sources */ = {isa = PBXBuildFile; fileRef = FB61BB8B18DFAE7F00D70F47 /* DistanceGraphViewController.m */; };
		FB61BC3118DFCE8C00D70F47 /* firebug-lite.js in Resources */ = {isa = PBXBuildFile; fileRef = FB61BBFD18DFCE8B00D70F47 /* firebug-lite.js */; };
		FB61BC3218DFCE8C00D70F47 /* FusionCharts.HC.Charts.js in Resources */ = {isa = PBXBuildFile; fileRef = FB61BBFE18DFCE8B00D70F47 /* FusionCharts.HC.Charts.js */; };
		FB61BC3318DFCE8C00D70F47 /* FusionCharts.HC.js in Resources */ = {isa = PBXBuildFile; fileRef = FB61BBFF18DFCE8B00D70F47 /* FusionCharts.HC.js */; };
		FB61BC3418DFCE8C00D70F47 /* FusionCharts.jqueryplugin.js in Resources */ = {isa = PBXBuildFile; fileRef = FB61BC0018DFCE8C00D70F47 /* FusionCharts.jqueryplugin.js */; };
		FB61BC3518DFCE8C00D70F47 /* FusionCharts.js in Resources */ = {isa = PBXBuildFile; fileRef = FB61BC0118DFCE8C00D70F47 /* FusionCharts.js */; };
		FB61BC3618DFCE8C00D70F47 /* FusionChartsExportComponent.js in Resources */ = {isa = PBXBuildFile; fileRef = FB61BC0218DFCE8C00D70F47 /* FusionChartsExportComponent.js */; };
		FB61BC3718DFCE8C00D70F47 /* jquery.min.js in Resources */ = {isa = PBXBuildFile; fileRef = FB61BC0318DFCE8C00D70F47 /* jquery.min.js */; };
		FBB0353C18C9041400D0FF28 /* CoreBluetooth.framework in Frameworks */ = {isa = PBXBuildFile; fileRef = FBB0353B18C9041400D0FF28 /* CoreBluetooth.framework */; };
/* End PBXBuildFile section */

/* Begin PBXFileReference section */
		B9182530148D762600D6064E /* Putting Analyzer.app */ = {isa = PBXFileReference; explicitFileType = wrapper.application; includeInIndex = 0; path = "Putting Analyzer.app"; sourceTree = BUILT_PRODUCTS_DIR; };
		B9182534148D762600D6064E /* UIKit.framework */ = {isa = PBXFileReference; lastKnownFileType = wrapper.framework; name = UIKit.framework; path = System/Library/Frameworks/UIKit.framework; sourceTree = SDKROOT; };
		B9182536148D762600D6064E /* Foundation.framework */ = {isa = PBXFileReference; lastKnownFileType = wrapper.framework; name = Foundation.framework; path = System/Library/Frameworks/Foundation.framework; sourceTree = SDKROOT; };
		B9182538148D762600D6064E /* CoreGraphics.framework */ = {isa = PBXFileReference; lastKnownFileType = wrapper.framework; name = CoreGraphics.framework; path = System/Library/Frameworks/CoreGraphics.framework; sourceTree = SDKROOT; };
		B918253C148D762600D6064E /* PuttingAnalyzer-Info.plist */ = {isa = PBXFileReference; lastKnownFileType = text.plist.xml; path = "PuttingAnalyzer-Info.plist"; sourceTree = "<group>"; };
		B918253E148D762600D6064E /* en */ = {isa = PBXFileReference; lastKnownFileType = text.plist.strings; name = en; path = en.lproj/InfoPlist.strings; sourceTree = "<group>"; };
		B9182540148D762600D6064E /* main.m */ = {isa = PBXFileReference; lastKnownFileType = sourcecode.c.objc; path = main.m; sourceTree = "<group>"; };
		B9182542148D762600D6064E /* PuttingAnalyzer-Prefix.pch */ = {isa = PBXFileReference; lastKnownFileType = sourcecode.c.h; path = "PuttingAnalyzer-Prefix.pch"; sourceTree = "<group>"; };
		B9182543148D762600D6064E /* AppDelegate.h */ = {isa = PBXFileReference; lastKnownFileType = sourcecode.c.h; path = AppDelegate.h; sourceTree = "<group>"; };
		B9182544148D762600D6064E /* AppDelegate.m */ = {isa = PBXFileReference; lastKnownFileType = sourcecode.c.objc; path = AppDelegate.m; sourceTree = "<group>"; };
		B9182547148D762600D6064E /* en */ = {isa = PBXFileReference; lastKnownFileType = file.storyboard; name = en; path = en.lproj/MainStoryboard.storyboard; sourceTree = "<group>"; };
		B9182553148D79D600D6064E /* LeDiscovery.h */ = {isa = PBXFileReference; fileEncoding = 4; lastKnownFileType = sourcecode.c.h; path = LeDiscovery.h; sourceTree = "<group>"; };
		B9182554148D79D600D6064E /* LeDiscovery.m */ = {isa = PBXFileReference; fileEncoding = 4; lastKnownFileType = sourcecode.c.objc; path = LeDiscovery.m; sourceTree = "<group>"; };
		B9182555148D79D600D6064E /* LeStrokeDataService.h */ = {isa = PBXFileReference; fileEncoding = 4; lastKnownFileType = sourcecode.c.h; path = LeStrokeDataService.h; sourceTree = "<group>"; };
		B9182556148D79D600D6064E /* LeStrokeDataService.m */ = {isa = PBXFileReference; fileEncoding = 4; lastKnownFileType = sourcecode.c.objc; path = LeStrokeDataService.m; sourceTree = "<group>"; };
		B9ADCFD41497DA600098522D /* ReadMe.txt */ = {isa = PBXFileReference; fileEncoding = 4; lastKnownFileType = text; path = ReadMe.txt; sourceTree = "<group>"; };
		B9C383721491694000CFD0B5 /* Icon-114.png */ = {isa = PBXFileReference; lastKnownFileType = image.png; name = "Icon-114.png"; path = "../Icon-114.png"; sourceTree = "<group>"; };
		B9C383751491694300CFD0B5 /* Icon-57.png */ = {isa = PBXFileReference; lastKnownFileType = image.png; name = "Icon-57.png"; path = "../Icon-57.png"; sourceTree = "<group>"; };
		B9C383771491694800CFD0B5 /* Default@2x.png */ = {isa = PBXFileReference; lastKnownFileType = image.png; name = "Default@2x.png"; path = "../Default@2x.png"; sourceTree = "<group>"; };
		FB10259518BE8C1A003FDB32 /* Default-568h@2x.png */ = {isa = PBXFileReference; lastKnownFileType = image.png; name = "Default-568h@2x.png"; path = "../Default-568h@2x.png"; sourceTree = "<group>"; };
		FB26178E18DF9B6600CD7044 /* ViewController.h */ = {isa = PBXFileReference; fileEncoding = 4; lastKnownFileType = sourcecode.c.h; path = ViewController.h; sourceTree = "<group>"; };
		FB26178F18DF9B6600CD7044 /* ViewController.m */ = {isa = PBXFileReference; fileEncoding = 4; lastKnownFileType = sourcecode.c.objc; path = ViewController.m; sourceTree = "<group>"; };
		FB61BB8A18DFAE7F00D70F47 /* DistanceGraphViewController.h */ = {isa = PBXFileReference; fileEncoding = 4; lastKnownFileType = sourcecode.c.h; path = DistanceGraphViewController.h; sourceTree = "<group>"; };
		FB61BB8B18DFAE7F00D70F47 /* DistanceGraphViewController.m */ = {isa = PBXFileReference; fileEncoding = 4; lastKnownFileType = sourcecode.c.objc; path = DistanceGraphViewController.m; sourceTree = "<group>"; };
		FB61BBFD18DFCE8B00D70F47 /* firebug-lite.js */ = {isa = PBXFileReference; fileEncoding = 4; lastKnownFileType = sourcecode.javascript; name = "firebug-lite.js"; path = "../firebug-lite.js"; sourceTree = "<group>"; };
		FB61BBFE18DFCE8B00D70F47 /* FusionCharts.HC.Charts.js */ = {isa = PBXFileReference; fileEncoding = 4; lastKnownFileType = sourcecode.javascript; name = FusionCharts.HC.Charts.js; path = ../FusionCharts.HC.Charts.js; sourceTree = "<group>"; };
		FB61BBFF18DFCE8B00D70F47 /* FusionCharts.HC.js */ = {isa = PBXFileReference; fileEncoding = 4; lastKnownFileType = sourcecode.javascript; name = FusionCharts.HC.js; path = ../FusionCharts.HC.js; sourceTree = "<group>"; };
		FB61BC0018DFCE8C00D70F47 /* FusionCharts.jqueryplugin.js */ = {isa = PBXFileReference; fileEncoding = 4; lastKnownFileType = sourcecode.javascript; name = FusionCharts.jqueryplugin.js; path = ../FusionCharts.jqueryplugin.js; sourceTree = "<group>"; };
		FB61BC0118DFCE8C00D70F47 /* FusionCharts.js */ = {isa = PBXFileReference; fileEncoding = 4; lastKnownFileType = sourcecode.javascript; name = FusionCharts.js; path = ../FusionCharts.js; sourceTree = "<group>"; };
		FB61BC0218DFCE8C00D70F47 /* FusionChartsExportComponent.js */ = {isa = PBXFileReference; fileEncoding = 4; lastKnownFileType = sourcecode.javascript; name = FusionChartsExportComponent.js; path = ../FusionChartsExportComponent.js; sourceTree = "<group>"; };
		FB61BC0318DFCE8C00D70F47 /* jquery.min.js */ = {isa = PBXFileReference; fileEncoding = 4; lastKnownFileType = sourcecode.javascript; name = jquery.min.js; path = ../jquery.min.js; sourceTree = "<group>"; };
		FBB0353B18C9041400D0FF28 /* CoreBluetooth.framework */ = {isa = PBXFileReference; lastKnownFileType = wrapper.framework; name = CoreBluetooth.framework; path = System/Library/Frameworks/CoreBluetooth.framework; sourceTree = SDKROOT; };
/* End PBXFileReference section */

/* Begin PBXFrameworksBuildPhase section */
		B918252D148D762600D6064E /* Frameworks */ = {
			isa = PBXFrameworksBuildPhase;
			buildActionMask = 2147483647;
			files = (
				FBB0353C18C9041400D0FF28 /* CoreBluetooth.framework in Frameworks */,
				B9182535148D762600D6064E /* UIKit.framework in Frameworks */,
				B9182537148D762600D6064E /* Foundation.framework in Frameworks */,
				B9182539148D762600D6064E /* CoreGraphics.framework in Frameworks */,
			);
			runOnlyForDeploymentPostprocessing = 0;
		};
/* End PBXFrameworksBuildPhase section */

/* Begin PBXGroup section */
		B9182525148D762500D6064E = {
			isa = PBXGroup;
			children = (
				B9ADCFD41497DA600098522D /* ReadMe.txt */,
				B918253A148D762600D6064E /* PuttingAnalyzer */,
				B9182533148D762600D6064E /* Frameworks */,
				B9182531148D762600D6064E /* Products */,
			);
			sourceTree = "<group>";
		};
		B9182531148D762600D6064E /* Products */ = {
			isa = PBXGroup;
			children = (
				B9182530148D762600D6064E /* Putting Analyzer.app */,
			);
			name = Products;
			sourceTree = "<group>";
		};
		B9182533148D762600D6064E /* Frameworks */ = {
			isa = PBXGroup;
			children = (
				FBB0353B18C9041400D0FF28 /* CoreBluetooth.framework */,
				B9182534148D762600D6064E /* UIKit.framework */,
				B9182536148D762600D6064E /* Foundation.framework */,
				B9182538148D762600D6064E /* CoreGraphics.framework */,
			);
			name = Frameworks;
			sourceTree = "<group>";
		};
		B918253A148D762600D6064E /* PuttingAnalyzer */ = {
			isa = PBXGroup;
			children = (
				FB26172818DF8CA600CD7044 /* iPad */,
				B9182552148D79B900D6064E /* LE */,
				B9182546148D762600D6064E /* MainStoryboard.storyboard */,
				FB61BB8A18DFAE7F00D70F47 /* DistanceGraphViewController.h */,
				FB61BB8B18DFAE7F00D70F47 /* DistanceGraphViewController.m */,
				FB26178E18DF9B6600CD7044 /* ViewController.h */,
				FB26178F18DF9B6600CD7044 /* ViewController.m */,
				B918253B148D762600D6064E /* Supporting Files */,
			);
			path = PuttingAnalyzer;
			sourceTree = "<group>";
		};
		B918253B148D762600D6064E /* Supporting Files */ = {
			isa = PBXGroup;
			children = (
				FBE9E99318EF68E400081293 /* FusionCharts */,
				B9182543148D762600D6064E /* AppDelegate.h */,
				FB10259518BE8C1A003FDB32 /* Default-568h@2x.png */,
				B9182544148D762600D6064E /* AppDelegate.m */,
				B9C383771491694800CFD0B5 /* Default@2x.png */,
				B9C383751491694300CFD0B5 /* Icon-57.png */,
				B9C383721491694000CFD0B5 /* Icon-114.png */,
				B918253C148D762600D6064E /* PuttingAnalyzer-Info.plist */,
				B918253D148D762600D6064E /* InfoPlist.strings */,
				B9182540148D762600D6064E /* main.m */,
				B9182542148D762600D6064E /* PuttingAnalyzer-Prefix.pch */,
			);
			name = "Supporting Files";
			sourceTree = "<group>";
		};
		B9182552148D79B900D6064E /* LE */ = {
			isa = PBXGroup;
			children = (
				B9182553148D79D600D6064E /* LeDiscovery.h */,
				B9182554148D79D600D6064E /* LeDiscovery.m */,
				B9182555148D79D600D6064E /* LeStrokeDataService.h */,
				B9182556148D79D600D6064E /* LeStrokeDataService.m */,
			);
			name = LE;
			sourceTree = "<group>";
		};
		FB26172818DF8CA600CD7044 /* iPad */ = {
			isa = PBXGroup;
			children = (
			);
			name = iPad;
			sourceTree = "<group>";
		};
		FBE9E99318EF68E400081293 /* FusionCharts */ = {
			isa = PBXGroup;
			children = (
				FB61BBFD18DFCE8B00D70F47 /* firebug-lite.js */,
				FB61BBFE18DFCE8B00D70F47 /* FusionCharts.HC.Charts.js */,
				FB61BBFF18DFCE8B00D70F47 /* FusionCharts.HC.js */,
				FB61BC0018DFCE8C00D70F47 /* FusionCharts.jqueryplugin.js */,
				FB61BC0118DFCE8C00D70F47 /* FusionCharts.js */,
				FB61BC0218DFCE8C00D70F47 /* FusionChartsExportComponent.js */,
				FB61BC0318DFCE8C00D70F47 /* jquery.min.js */,
			);
			name = FusionCharts;
			sourceTree = "<group>";
		};
/* End PBXGroup section */

/* Begin PBXNativeTarget section */
		B918252F148D762600D6064E /* PuttingAnalyzer */ = {
			isa = PBXNativeTarget;
			buildConfigurationList = B918254E148D762600D6064E /* Build configuration list for PBXNativeTarget "PuttingAnalyzer" */;
			buildPhases = (
				B918252C148D762600D6064E /* Sources */,
				B918252D148D762600D6064E /* Frameworks */,
				B918252E148D762600D6064E /* Resources */,
			);
			buildRules = (
			);
			dependencies = (
			);
			name = PuttingAnalyzer;
			productName = TemperatureSensor;
			productReference = B9182530148D762600D6064E /* Putting Analyzer.app */;
			productType = "com.apple.product-type.application";
		};
/* End PBXNativeTarget section */

/* Begin PBXProject section */
		B9182527148D762500D6064E /* Project object */ = {
			isa = PBXProject;
			attributes = {
				LastUpgradeCheck = 0500;
				ORGANIZATIONNAME = "Apple Inc.";
			};
			buildConfigurationList = B918252A148D762500D6064E /* Build configuration list for PBXProject "PuttingAnalyzer" */;
			compatibilityVersion = "Xcode 3.2";
			developmentRegion = English;
			hasScannedForEncodings = 0;
			knownRegions = (
				en,
			);
			mainGroup = B9182525148D762500D6064E;
			productRefGroup = B9182531148D762600D6064E /* Products */;
			projectDirPath = "";
			projectRoot = "";
			targets = (
				B918252F148D762600D6064E /* PuttingAnalyzer */,
			);
		};
/* End PBXProject section */

/* Begin PBXResourcesBuildPhase section */
		B918252E148D762600D6064E /* Resources */ = {
			isa = PBXResourcesBuildPhase;
			buildActionMask = 2147483647;
			files = (
				FB61BC3218DFCE8C00D70F47 /* FusionCharts.HC.Charts.js in Resources */,
				FB61BC3418DFCE8C00D70F47 /* FusionCharts.jqueryplugin.js in Resources */,
				FB61BC3318DFCE8C00D70F47 /* FusionCharts.HC.js in Resources */,
				FB61BC3618DFCE8C00D70F47 /* FusionChartsExportComponent.js in Resources */,
				FB61BC3518DFCE8C00D70F47 /* FusionCharts.js in Resources */,
				FB61BC3118DFCE8C00D70F47 /* firebug-lite.js in Resources */,
				FB61BC3718DFCE8C00D70F47 /* jquery.min.js in Resources */,
				B918253F148D762600D6064E /* InfoPlist.strings in Resources */,
				B9182548148D762600D6064E /* MainStoryboard.storyboard in Resources */,
				B9C383731491694000CFD0B5 /* Icon-114.png in Resources */,
				B9C383761491694300CFD0B5 /* Icon-57.png in Resources */,
				B9C383781491694800CFD0B5 /* Default@2x.png in Resources */,
				FB10259618BE8C1A003FDB32 /* Default-568h@2x.png in Resources */,
				B9ADCFD51497DA600098522D /* ReadMe.txt in Resources */,
			);
			runOnlyForDeploymentPostprocessing = 0;
		};
/* End PBXResourcesBuildPhase section */

/* Begin PBXSourcesBuildPhase section */
		B918252C148D762600D6064E /* Sources */ = {
			isa = PBXSourcesBuildPhase;
			buildActionMask = 2147483647;
			files = (
				FB26179018DF9B6600CD7044 /* ViewController.m in Sources */,
				B9182541148D762600D6064E /* main.m in Sources */,
				B9182545148D762600D6064E /* AppDelegate.m in Sources */,
				B9182557148D79D600D6064E /* LeDiscovery.m in Sources */,
				FB61BB8C18DFAE7F00D70F47 /* DistanceGraphViewController.m in Sources */,
				B9182558148D79D600D6064E /* LeStrokeDataService.m in Sources */,
			);
			runOnlyForDeploymentPostprocessing = 0;
		};
/* End PBXSourcesBuildPhase section */

/* Begin PBXVariantGroup section */
		B918253D148D762600D6064E /* InfoPlist.strings */ = {
			isa = PBXVariantGroup;
			children = (
				B918253E148D762600D6064E /* en */,
			);
			name = InfoPlist.strings;
			sourceTree = "<group>";
		};
		B9182546148D762600D6064E /* MainStoryboard.storyboard */ = {
			isa = PBXVariantGroup;
			children = (
				B9182547148D762600D6064E /* en */,
			);
			name = MainStoryboard.storyboard;
			sourceTree = "<group>";
		};
/* End PBXVariantGroup section */

/* Begin XCBuildConfiguration section */
		B918254C148D762600D6064E /* Debug */ = {
			isa = XCBuildConfiguration;
			buildSettings = {
				ALWAYS_SEARCH_USER_PATHS = NO;
				CLANG_WARN_BOOL_CONVERSION = YES;
				CLANG_WARN_CONSTANT_CONVERSION = YES;
				CLANG_WARN_EMPTY_BODY = YES;
				CLANG_WARN_ENUM_CONVERSION = YES;
				CLANG_WARN_INT_CONVERSION = YES;
				CLANG_WARN__DUPLICATE_METHOD_MATCH = YES;
				"CODE_SIGN_IDENTITY[sdk=iphoneos*]" = "iPhone Developer";
				COPY_PHASE_STRIP = NO;
				GCC_C_LANGUAGE_STANDARD = gnu99;
				GCC_DYNAMIC_NO_PIC = NO;
				GCC_OPTIMIZATION_LEVEL = 0;
				GCC_PREPROCESSOR_DEFINITIONS = (
					"DEBUG=1",
					"$(inherited)",
				);
				GCC_SYMBOLS_PRIVATE_EXTERN = NO;
				GCC_VERSION = com.apple.compilers.llvm.clang.1_0;
				GCC_WARN_64_TO_32_BIT_CONVERSION = YES;
				GCC_WARN_ABOUT_MISSING_PROTOTYPES = YES;
				GCC_WARN_ABOUT_RETURN_TYPE = YES;
				GCC_WARN_UNDECLARED_SELECTOR = YES;
				GCC_WARN_UNINITIALIZED_AUTOS = YES;
				GCC_WARN_UNUSED_FUNCTION = YES;
				GCC_WARN_UNUSED_VARIABLE = YES;
				IPHONEOS_DEPLOYMENT_TARGET = 5.0;
				ONLY_ACTIVE_ARCH = YES;
				SDKROOT = iphoneos;
			};
			name = Debug;
		};
		B918254D148D762600D6064E /* Release */ = {
			isa = XCBuildConfiguration;
			buildSettings = {
				ALWAYS_SEARCH_USER_PATHS = NO;
				CLANG_WARN_BOOL_CONVERSION = YES;
				CLANG_WARN_CONSTANT_CONVERSION = YES;
				CLANG_WARN_EMPTY_BODY = YES;
				CLANG_WARN_ENUM_CONVERSION = YES;
				CLANG_WARN_INT_CONVERSION = YES;
				CLANG_WARN__DUPLICATE_METHOD_MATCH = YES;
				"CODE_SIGN_IDENTITY[sdk=iphoneos*]" = "iPhone Developer";
				COPY_PHASE_STRIP = YES;
				GCC_C_LANGUAGE_STANDARD = gnu99;
				GCC_VERSION = com.apple.compilers.llvm.clang.1_0;
				GCC_WARN_64_TO_32_BIT_CONVERSION = YES;
				GCC_WARN_ABOUT_MISSING_PROTOTYPES = YES;
				GCC_WARN_ABOUT_RETURN_TYPE = YES;
				GCC_WARN_UNDECLARED_SELECTOR = YES;
				GCC_WARN_UNINITIALIZED_AUTOS = YES;
				GCC_WARN_UNUSED_FUNCTION = YES;
				GCC_WARN_UNUSED_VARIABLE = YES;
				IPHONEOS_DEPLOYMENT_TARGET = 5.0;
				OTHER_CFLAGS = "-DNS_BLOCK_ASSERTIONS=1";
				SDKROOT = iphoneos;
				VALIDATE_PRODUCT = YES;
			};
			name = Release;
		};
		B918254F148D762600D6064E /* Debug */ = {
			isa = XCBuildConfiguration;
			buildSettings = {
				CLANG_ENABLE_OBJC_ARC = YES;
				"CODE_SIGN_IDENTITY[sdk=iphoneos*]" = "iPhone Developer";
				GCC_PRECOMPILE_PREFIX_HEADER = YES;
				GCC_PREFIX_HEADER = "PuttingAnalyzer/PuttingAnalyzer-Prefix.pch";
				GCC_VERSION = "";
				HEADER_SEARCH_PATHS = (
					"$(inherited)",
					/Applications/Xcode.app/Contents/Developer/Toolchains/XcodeDefault.xctoolchain/usr/include,
				);
				INFOPLIST_FILE = "PuttingAnalyzer/PuttingAnalyzer-Info.plist";
				IPHONEOS_DEPLOYMENT_TARGET = 7.1;
				LIBRARY_SEARCH_PATHS = (
					"$(inherited)",
					"$(PROJECT_DIR)",
				);
				ONLY_ACTIVE_ARCH = YES;
				OTHER_LDFLAGS = "";
				PRODUCT_NAME = "Putting Analyzer";
				"PROVISIONING_PROFILE[sdk=iphoneos*]" = "";
				SDKROOT = iphoneos;
				TARGETED_DEVICE_FAMILY = 1;
				WRAPPER_EXTENSION = app;
			};
			name = Debug;
		};
		B9182550148D762600D6064E /* Release */ = {
			isa = XCBuildConfiguration;
			buildSettings = {
				CLANG_ENABLE_OBJC_ARC = YES;
				"CODE_SIGN_IDENTITY[sdk=iphoneos*]" = "iPhone Developer";
				GCC_PRECOMPILE_PREFIX_HEADER = YES;
				GCC_PREFIX_HEADER = "PuttingAnalyzer/PuttingAnalyzer-Prefix.pch";
				GCC_VERSION = "";
				HEADER_SEARCH_PATHS = (
					"$(inherited)",
					/Applications/Xcode.app/Contents/Developer/Toolchains/XcodeDefault.xctoolchain/usr/include,
				);
				INFOPLIST_FILE = "PuttingAnalyzer/PuttingAnalyzer-Info.plist";
				IPHONEOS_DEPLOYMENT_TARGET = 7.1;
				LIBRARY_SEARCH_PATHS = (
					"$(inherited)",
					"$(PROJECT_DIR)",
				);
				ONLY_ACTIVE_ARCH = YES;
				OTHER_LDFLAGS = "";
				PRODUCT_NAME = "Putting Analyzer";
				"PROVISIONING_PROFILE[sdk=iphoneos*]" = "";
				SDKROOT = iphoneos;
				TARGETED_DEVICE_FAMILY = 1;
				WRAPPER_EXTENSION = app;
			};
			name = Release;
		};
/* End XCBuildConfiguration section */

/* Begin XCConfigurationList section */
		B918252A148D762500D6064E /* Build configuration list for PBXProject "PuttingAnalyzer" */ = {
			isa = XCConfigurationList;
			buildConfigurations = (
				B918254C148D762600D6064E /* Debug */,
				B918254D148D762600D6064E /* Release */,
			);
			defaultConfigurationIsVisible = 0;
			defaultConfigurationName = Release;
		};
		B918254E148D762600D6064E /* Build configuration list for PBXNativeTarget "PuttingAnalyzer" */ = {
			isa = XCConfigurationList;
			buildConfigurations = (
				B918254F148D762600D6064E /* Debug */,
				B9182550148D762600D6064E /* Release */,
			);
			defaultConfigurationIsVisible = 0;
			defaultConfigurationName = Release;
		};
/* End XCConfigurationList section */
	};
	rootObject = B9182527148D762500D6064E /* Project object */;
}
